
Microsoft Visual Studio Solution File, Format Version 12.00
# Visual Studio 2015
Project("{FAE04EC0-301F-11D3-BF4B-00C04F79EFBC}") = "GNP.CSharp", "GNP.CSharp.csproj", "{0929663E-2208-EBF4-BA26-AAFDE32E1A39}"
EndProject
Project("{FAE04EC0-301F-11D3-BF4B-00C04F79EFBC}") = "GNP.CSharp.Editor", "GNP.CSharp.Editor.csproj", "{55AF2BE4-02D2-604B-6443-83FC448E762D}"
EndProject
Global
	GlobalSection(SolutionConfigurationPlatforms) = preSolution
		Debug|Any CPU = Debug|Any CPU
		Release|Any CPU = Release|Any CPU
	EndGlobalSection
	GlobalSection(ProjectConfigurationPlatforms) = postSolution
		{0929663E-2208-EBF4-BA26-AAFDE32E1A39}.Debug|Any CPU.ActiveCfg = Debug|Any CPU
		{0929663E-2208-EBF4-BA26-AAFDE32E1A39}.Debug|Any CPU.Build.0 = Debug|Any CPU
		{0929663E-2208-EBF4-BA26-AAFDE32E1A39}.Release|Any CPU.ActiveCfg = Release|Any CPU
		{0929663E-2208-EBF4-BA26-AAFDE32E1A39}.Release|Any CPU.Build.0 = Release|Any CPU
		{55AF2BE4-02D2-604B-6443-83FC448E762D}.Debug|Any CPU.ActiveCfg = Debug|Any CPU
		{55AF2BE4-02D2-604B-6443-83FC448E762D}.Debug|Any CPU.Build.0 = Debug|Any CPU
		{55AF2BE4-02D2-604B-6443-83FC448E762D}.Release|Any CPU.ActiveCfg = Release|Any CPU
		{55AF2BE4-02D2-604B-6443-83FC448E762D}.Release|Any CPU.Build.0 = Release|Any CPU
	EndGlobalSection
	GlobalSection(SolutionProperties) = preSolution
		HideSolutionNode = FALSE
	EndGlobalSection
EndGlobal
