
Microsoft Visual Studio Solution File, Format Version 12.00
# Visual Studio 2015
Project("{FAE04EC0-301F-11D3-BF4B-00C04F79EFBC}") = "android.CSharp", "android.CSharp.csproj", "{3EDC703D-270F-FD6B-738D-DFB1555B6309}"
EndProject
Project("{FAE04EC0-301F-11D3-BF4B-00C04F79EFBC}") = "android.CSharp.Editor", "android.CSharp.Editor.csproj", "{A40B2ECE-45FD-F56A-D85A-27DA227B99F2}"
EndProject
Global
	GlobalSection(SolutionConfigurationPlatforms) = preSolution
		Debug|Any CPU = Debug|Any CPU
		Release|Any CPU = Release|Any CPU
	EndGlobalSection
	GlobalSection(ProjectConfigurationPlatforms) = postSolution
		{3EDC703D-270F-FD6B-738D-DFB1555B6309}.Debug|Any CPU.ActiveCfg = Debug|Any CPU
		{3EDC703D-270F-FD6B-738D-DFB1555B6309}.Debug|Any CPU.Build.0 = Debug|Any CPU
		{3EDC703D-270F-FD6B-738D-DFB1555B6309}.Release|Any CPU.ActiveCfg = Release|Any CPU
		{3EDC703D-270F-FD6B-738D-DFB1555B6309}.Release|Any CPU.Build.0 = Release|Any CPU
		{A40B2ECE-45FD-F56A-D85A-27DA227B99F2}.Debug|Any CPU.ActiveCfg = Debug|Any CPU
		{A40B2ECE-45FD-F56A-D85A-27DA227B99F2}.Debug|Any CPU.Build.0 = Debug|Any CPU
		{A40B2ECE-45FD-F56A-D85A-27DA227B99F2}.Release|Any CPU.ActiveCfg = Release|Any CPU
		{A40B2ECE-45FD-F56A-D85A-27DA227B99F2}.Release|Any CPU.Build.0 = Release|Any CPU
	EndGlobalSection
	GlobalSection(SolutionProperties) = preSolution
		HideSolutionNode = FALSE
	EndGlobalSection
EndGlobal
