
Microsoft Visual Studio Solution File, Format Version 12.00
# Visual Studio 2015
Project("{FAE04EC0-301F-11D3-BF4B-00C04F79EFBC}") = "0707.CSharp", "0707.CSharp.csproj", "{30B67EFE-AA6E-666E-B416-5DD46351F1F8}"
EndProject
Global
	GlobalSection(SolutionConfigurationPlatforms) = preSolution
		Debug|Any CPU = Debug|Any CPU
		Release|Any CPU = Release|Any CPU
	EndGlobalSection
	GlobalSection(ProjectConfigurationPlatforms) = postSolution
		{30B67EFE-AA6E-666E-B416-5DD46351F1F8}.Debug|Any CPU.ActiveCfg = Debug|Any CPU
		{30B67EFE-AA6E-666E-B416-5DD46351F1F8}.Debug|Any CPU.Build.0 = Debug|Any CPU
		{30B67EFE-AA6E-666E-B416-5DD46351F1F8}.Release|Any CPU.ActiveCfg = Release|Any CPU
		{30B67EFE-AA6E-666E-B416-5DD46351F1F8}.Release|Any CPU.Build.0 = Release|Any CPU
	EndGlobalSection
	GlobalSection(SolutionProperties) = preSolution
		HideSolutionNode = FALSE
	EndGlobalSection
EndGlobal
